
Microsoft Visual Studio Solution File, Format Version 12.00
# Visual Studio Version 17
VisualStudioVersion = 17.0.31903.59
MinimumVisualStudioVersion = 10.0.40219.1
Project("{2150E333-8FDC-42A3-9474-1A3956D46DE8}") = "src", "src", "{827E0CD3-B72D-47B6-A68D-7590B98EB39B}"
EndProject
Project("{2150E333-8FDC-42A3-9474-1A3956D46DE8}") = "BuildingBlocks", "BuildingBlocks", "{90298CBA-BD6F-3A0A-69D5-97CAD7B05E7E}"
EndProject
Project("{FAE04EC0-301F-11D3-BF4B-00C04F79EFBC}") = "Fridgr.BuildingBlocks.Application", "src\BuildingBlocks\Fridgr.BuildingBlocks.Application\Fridgr.BuildingBlocks.Application.csproj", "{C4A99CC0-1928-4E1F-AA12-DDF65BBB7AE5}"
EndProject
Project("{FAE04EC0-301F-11D3-BF4B-00C04F79EFBC}") = "Fridgr.BuildingBlocks.Domain", "src\BuildingBlocks\Fridgr.BuildingBlocks.Domain\Fridgr.BuildingBlocks.Domain.csproj", "{48C48102-6FBE-47A0-82A1-10BB60F0CC66}"
EndProject
Project("{FAE04EC0-301F-11D3-BF4B-00C04F79EFBC}") = "Fridgr.BuildingBlocks.Infrastructure", "src\BuildingBlocks\Fridgr.BuildingBlocks.Infrastructure\Fridgr.BuildingBlocks.Infrastructure.csproj", "{ADBD32FC-1700-41DA-BB6E-717BEBA70BFD}"
EndProject
Project("{FAE04EC0-301F-11D3-BF4B-00C04F79EFBC}") = "Fridgr.Api", "src\Fridgr.Api\Fridgr.Api.csproj", "{CC673CEE-B62D-47FA-BD85-0CBC2D91CFC7}"
EndProject
Project("{FAE04EC0-301F-11D3-BF4B-00C04F79EFBC}") = "Fridgr.Infrastructure", "src\Fridgr.Infrastructure\Fridgr.Infrastructure.csproj", "{B15F172A-74C1-4E94-A0F4-475D37B63820}"
EndProject
Project("{FAE04EC0-301F-11D3-BF4B-00C04F79EFBC}") = "Fridgr.Households.Application", "src\Modules\Households\Fridgr.Households.Application\Fridgr.Households.Application.csproj", "{C8C058BE-9330-493E-8359-3110EC7856D8}"
EndProject
Project("{FAE04EC0-301F-11D3-BF4B-00C04F79EFBC}") = "Fridgr.Households.Domain", "src\Modules\Households\Fridgr.Households.Domain\Fridgr.Households.Domain.csproj", "{CF733C8D-3967-46C4-8AD9-4F822C7A99A7}"
EndProject
Project("{FAE04EC0-301F-11D3-BF4B-00C04F79EFBC}") = "Fridgr.Households.Infrastructure", "src\Modules\Households\Fridgr.Households.Infrastructure\Fridgr.Households.Infrastructure.csproj", "{CD08BBE0-8090-4339-A4B8-49109B548C0D}"
EndProject
Project("{FAE04EC0-301F-11D3-BF4B-00C04F79EFBC}") = "Fridgr.Identity.Application", "src\Modules\Identity\Fridgr.Identity.Application\Fridgr.Identity.Application.csproj", "{603C1AE2-FB94-4775-A451-5B4FEFD5209C}"
EndProject
Project("{FAE04EC0-301F-11D3-BF4B-00C04F79EFBC}") = "Fridgr.Identity.Domain", "src\Modules\Identity\Fridgr.Identity.Domain\Fridgr.Identity.Domain.csproj", "{2F435ACC-F490-49DF-BECF-34E28ACF021D}"
EndProject
Project("{FAE04EC0-301F-11D3-BF4B-00C04F79EFBC}") = "Fridgr.Identity.Infrastructure", "src\Modules\Identity\Fridgr.Identity.Infrastructure\Fridgr.Identity.Infrastructure.csproj", "{0C9D884C-8EF2-4DC7-8445-3077FA50C35B}"
EndProject
Project("{FAE04EC0-301F-11D3-BF4B-00C04F79EFBC}") = "Fridgr.Inventory.Application", "src\Modules\Inventory\Fridgr.Inventory.Application\Fridgr.Inventory.Application.csproj", "{0A1773CE-1CE5-474F-8FAC-E5146D6556F5}"
EndProject
Project("{FAE04EC0-301F-11D3-BF4B-00C04F79EFBC}") = "Fridgr.Inventory.Domain", "src\Modules\Inventory\Fridgr.Inventory.Domain\Fridgr.Inventory.Domain.csproj", "{9C83C207-8290-4A31-9AB8-A41DB064D6B5}"
EndProject
Project("{FAE04EC0-301F-11D3-BF4B-00C04F79EFBC}") = "Fridgr.Inventory.Infrastructure", "src\Modules\Inventory\Fridgr.Inventory.Infrastructure\Fridgr.Inventory.Infrastructure.csproj", "{F7BB7366-57AB-47E7-B3F7-FCBB39F1ED9A}"
EndProject
Project("{FAE04EC0-301F-11D3-BF4B-00C04F79EFBC}") = "Fridgr.Notifications.Application", "src\Modules\Notifications\Fridgr.Notifications.Application\Fridgr.Notifications.Application.csproj", "{F6DE97DA-606F-48E0-9A83-139FEEE9E72A}"
EndProject
Project("{FAE04EC0-301F-11D3-BF4B-00C04F79EFBC}") = "Fridgr.Notifications.Domain", "src\Modules\Notifications\Fridgr.Notifications.Domain\Fridgr.Notifications.Domain.csproj", "{2751DEB7-4DC3-4EE3-AED7-F06BF7B247BE}"
EndProject
Project("{FAE04EC0-301F-11D3-BF4B-00C04F79EFBC}") = "Fridgr.Notifications.Infrastructure", "src\Modules\Notifications\Fridgr.Notifications.Infrastructure\Fridgr.Notifications.Infrastructure.csproj", "{C0390DF2-198C-431F-9DB3-B97416C890C3}"
EndProject
Project("{FAE04EC0-301F-11D3-BF4B-00C04F79EFBC}") = "Fridgr.ShoppingLists.Application", "src\Modules\ShoppingLists\Fridgr.ShoppingLists.Application\Fridgr.ShoppingLists.Application.csproj", "{65FE121F-D0CF-43F1-9D8A-34330B2B3A3B}"
EndProject
Project("{FAE04EC0-301F-11D3-BF4B-00C04F79EFBC}") = "Fridgr.ShoppingLists.Domain", "src\Modules\ShoppingLists\Fridgr.ShoppingLists.Domain\Fridgr.ShoppingLists.Domain.csproj", "{BAF6B656-2218-4BE7-A3E1-A204CC59CF59}"
EndProject
Project("{FAE04EC0-301F-11D3-BF4B-00C04F79EFBC}") = "Fridgr.ShoppingLists.Infrastructure", "src\Modules\ShoppingLists\Fridgr.ShoppingLists.Infrastructure\Fridgr.ShoppingLists.Infrastructure.csproj", "{B06F2DA4-13C0-4D04-B391-D04F5F5C599B}"
EndProject
Global
	GlobalSection(SolutionConfigurationPlatforms) = preSolution
		Debug|Any CPU = Debug|Any CPU
		Debug|x64 = Debug|x64
		Debug|x86 = Debug|x86
		Release|Any CPU = Release|Any CPU
		Release|x64 = Release|x64
		Release|x86 = Release|x86
	EndGlobalSection
	GlobalSection(ProjectConfigurationPlatforms) = postSolution
		{C4A99CC0-1928-4E1F-AA12-DDF65BBB7AE5}.Debug|Any CPU.ActiveCfg = Debug|Any CPU
		{C4A99CC0-1928-4E1F-AA12-DDF65BBB7AE5}.Debug|Any CPU.Build.0 = Debug|Any CPU
		{C4A99CC0-1928-4E1F-AA12-DDF65BBB7AE5}.Debug|x64.ActiveCfg = Debug|Any CPU
		{C4A99CC0-1928-4E1F-AA12-DDF65BBB7AE5}.Debug|x64.Build.0 = Debug|Any CPU
		{C4A99CC0-1928-4E1F-AA12-DDF65BBB7AE5}.Debug|x86.ActiveCfg = Debug|Any CPU
		{C4A99CC0-1928-4E1F-AA12-DDF65BBB7AE5}.Debug|x86.Build.0 = Debug|Any CPU
		{C4A99CC0-1928-4E1F-AA12-DDF65BBB7AE5}.Release|Any CPU.ActiveCfg = Release|Any CPU
		{C4A99CC0-1928-4E1F-AA12-DDF65BBB7AE5}.Release|Any CPU.Build.0 = Release|Any CPU
		{C4A99CC0-1928-4E1F-AA12-DDF65BBB7AE5}.Release|x64.ActiveCfg = Release|Any CPU
		{C4A99CC0-1928-4E1F-AA12-DDF65BBB7AE5}.Release|x64.Build.0 = Release|Any CPU
		{C4A99CC0-1928-4E1F-AA12-DDF65BBB7AE5}.Release|x86.ActiveCfg = Release|Any CPU
		{C4A99CC0-1928-4E1F-AA12-DDF65BBB7AE5}.Release|x86.Build.0 = Release|Any CPU
		{48C48102-6FBE-47A0-82A1-10BB60F0CC66}.Debug|Any CPU.ActiveCfg = Debug|Any CPU
		{48C48102-6FBE-47A0-82A1-10BB60F0CC66}.Debug|Any CPU.Build.0 = Debug|Any CPU
		{48C48102-6FBE-47A0-82A1-10BB60F0CC66}.Debug|x64.ActiveCfg = Debug|Any CPU
		{48C48102-6FBE-47A0-82A1-10BB60F0CC66}.Debug|x64.Build.0 = Debug|Any CPU
		{48C48102-6FBE-47A0-82A1-10BB60F0CC66}.Debug|x86.ActiveCfg = Debug|Any CPU
		{48C48102-6FBE-47A0-82A1-10BB60F0CC66}.Debug|x86.Build.0 = Debug|Any CPU
		{48C48102-6FBE-47A0-82A1-10BB60F0CC66}.Release|Any CPU.ActiveCfg = Release|Any CPU
		{48C48102-6FBE-47A0-82A1-10BB60F0CC66}.Release|Any CPU.Build.0 = Release|Any CPU
		{48C48102-6FBE-47A0-82A1-10BB60F0CC66}.Release|x64.ActiveCfg = Release|Any CPU
		{48C48102-6FBE-47A0-82A1-10BB60F0CC66}.Release|x64.Build.0 = Release|Any CPU
		{48C48102-6FBE-47A0-82A1-10BB60F0CC66}.Release|x86.ActiveCfg = Release|Any CPU
		{48C48102-6FBE-47A0-82A1-10BB60F0CC66}.Release|x86.Build.0 = Release|Any CPU
		{ADBD32FC-1700-41DA-BB6E-717BEBA70BFD}.Debug|Any CPU.ActiveCfg = Debug|Any CPU
		{ADBD32FC-1700-41DA-BB6E-717BEBA70BFD}.Debug|Any CPU.Build.0 = Debug|Any CPU
		{ADBD32FC-1700-41DA-BB6E-717BEBA70BFD}.Debug|x64.ActiveCfg = Debug|Any CPU
		{ADBD32FC-1700-41DA-BB6E-717BEBA70BFD}.Debug|x64.Build.0 = Debug|Any CPU
		{ADBD32FC-1700-41DA-BB6E-717BEBA70BFD}.Debug|x86.ActiveCfg = Debug|Any CPU
		{ADBD32FC-1700-41DA-BB6E-717BEBA70BFD}.Debug|x86.Build.0 = Debug|Any CPU
		{ADBD32FC-1700-41DA-BB6E-717BEBA70BFD}.Release|Any CPU.ActiveCfg = Release|Any CPU
		{ADBD32FC-1700-41DA-BB6E-717BEBA70BFD}.Release|Any CPU.Build.0 = Release|Any CPU
		{ADBD32FC-1700-41DA-BB6E-717BEBA70BFD}.Release|x64.ActiveCfg = Release|Any CPU
		{ADBD32FC-1700-41DA-BB6E-717BEBA70BFD}.Release|x64.Build.0 = Release|Any CPU
		{ADBD32FC-1700-41DA-BB6E-717BEBA70BFD}.Release|x86.ActiveCfg = Release|Any CPU
		{ADBD32FC-1700-41DA-BB6E-717BEBA70BFD}.Release|x86.Build.0 = Release|Any CPU
		{CC673CEE-B62D-47FA-BD85-0CBC2D91CFC7}.Debug|Any CPU.ActiveCfg = Debug|Any CPU
		{CC673CEE-B62D-47FA-BD85-0CBC2D91CFC7}.Debug|Any CPU.Build.0 = Debug|Any CPU
		{CC673CEE-B62D-47FA-BD85-0CBC2D91CFC7}.Debug|x64.ActiveCfg = Debug|Any CPU
		{CC673CEE-B62D-47FA-BD85-0CBC2D91CFC7}.Debug|x64.Build.0 = Debug|Any CPU
		{CC673CEE-B62D-47FA-BD85-0CBC2D91CFC7}.Debug|x86.ActiveCfg = Debug|Any CPU
		{CC673CEE-B62D-47FA-BD85-0CBC2D91CFC7}.Debug|x86.Build.0 = Debug|Any CPU
		{CC673CEE-B62D-47FA-BD85-0CBC2D91CFC7}.Release|Any CPU.ActiveCfg = Release|Any CPU
		{CC673CEE-B62D-47FA-BD85-0CBC2D91CFC7}.Release|Any CPU.Build.0 = Release|Any CPU
		{CC673CEE-B62D-47FA-BD85-0CBC2D91CFC7}.Release|x64.ActiveCfg = Release|Any CPU
		{CC673CEE-B62D-47FA-BD85-0CBC2D91CFC7}.Release|x64.Build.0 = Release|Any CPU
		{CC673CEE-B62D-47FA-BD85-0CBC2D91CFC7}.Release|x86.ActiveCfg = Release|Any CPU
		{CC673CEE-B62D-47FA-BD85-0CBC2D91CFC7}.Release|x86.Build.0 = Release|Any CPU
		{B15F172A-74C1-4E94-A0F4-475D37B63820}.Debug|Any CPU.ActiveCfg = Debug|Any CPU
		{B15F172A-74C1-4E94-A0F4-475D37B63820}.Debug|Any CPU.Build.0 = Debug|Any CPU
		{B15F172A-74C1-4E94-A0F4-475D37B63820}.Debug|x64.ActiveCfg = Debug|Any CPU
		{B15F172A-74C1-4E94-A0F4-475D37B63820}.Debug|x64.Build.0 = Debug|Any CPU
		{B15F172A-74C1-4E94-A0F4-475D37B63820}.Debug|x86.ActiveCfg = Debug|Any CPU
		{B15F172A-74C1-4E94-A0F4-475D37B63820}.Debug|x86.Build.0 = Debug|Any CPU
		{B15F172A-74C1-4E94-A0F4-475D37B63820}.Release|Any CPU.ActiveCfg = Release|Any CPU
		{B15F172A-74C1-4E94-A0F4-475D37B63820}.Release|Any CPU.Build.0 = Release|Any CPU
		{B15F172A-74C1-4E94-A0F4-475D37B63820}.Release|x64.ActiveCfg = Release|Any CPU
		{B15F172A-74C1-4E94-A0F4-475D37B63820}.Release|x64.Build.0 = Release|Any CPU
		{B15F172A-74C1-4E94-A0F4-475D37B63820}.Release|x86.ActiveCfg = Release|Any CPU
		{B15F172A-74C1-4E94-A0F4-475D37B63820}.Release|x86.Build.0 = Release|Any CPU
		{C8C058BE-9330-493E-8359-3110EC7856D8}.Debug|Any CPU.ActiveCfg = Debug|Any CPU
		{C8C058BE-9330-493E-8359-3110EC7856D8}.Debug|Any CPU.Build.0 = Debug|Any CPU
		{C8C058BE-9330-493E-8359-3110EC7856D8}.Debug|x64.ActiveCfg = Debug|Any CPU
		{C8C058BE-9330-493E-8359-3110EC7856D8}.Debug|x64.Build.0 = Debug|Any CPU
		{C8C058BE-9330-493E-8359-3110EC7856D8}.Debug|x86.ActiveCfg = Debug|Any CPU
		{C8C058BE-9330-493E-8359-3110EC7856D8}.Debug|x86.Build.0 = Debug|Any CPU
		{C8C058BE-9330-493E-8359-3110EC7856D8}.Release|Any CPU.ActiveCfg = Release|Any CPU
		{C8C058BE-9330-493E-8359-3110EC7856D8}.Release|Any CPU.Build.0 = Release|Any CPU
		{C8C058BE-9330-493E-8359-3110EC7856D8}.Release|x64.ActiveCfg = Release|Any CPU
		{C8C058BE-9330-493E-8359-3110EC7856D8}.Release|x64.Build.0 = Release|Any CPU
		{C8C058BE-9330-493E-8359-3110EC7856D8}.Release|x86.ActiveCfg = Release|Any CPU
		{C8C058BE-9330-493E-8359-3110EC7856D8}.Release|x86.Build.0 = Release|Any CPU
		{CF733C8D-3967-46C4-8AD9-4F822C7A99A7}.Debug|Any CPU.ActiveCfg = Debug|Any CPU
		{CF733C8D-3967-46C4-8AD9-4F822C7A99A7}.Debug|Any CPU.Build.0 = Debug|Any CPU
		{CF733C8D-3967-46C4-8AD9-4F822C7A99A7}.Debug|x64.ActiveCfg = Debug|Any CPU
		{CF733C8D-3967-46C4-8AD9-4F822C7A99A7}.Debug|x64.Build.0 = Debug|Any CPU
		{CF733C8D-3967-46C4-8AD9-4F822C7A99A7}.Debug|x86.ActiveCfg = Debug|Any CPU
		{CF733C8D-3967-46C4-8AD9-4F822C7A99A7}.Debug|x86.Build.0 = Debug|Any CPU
		{CF733C8D-3967-46C4-8AD9-4F822C7A99A7}.Release|Any CPU.ActiveCfg = Release|Any CPU
		{CF733C8D-3967-46C4-8AD9-4F822C7A99A7}.Release|Any CPU.Build.0 = Release|Any CPU
		{CF733C8D-3967-46C4-8AD9-4F822C7A99A7}.Release|x64.ActiveCfg = Release|Any CPU
		{CF733C8D-3967-46C4-8AD9-4F822C7A99A7}.Release|x64.Build.0 = Release|Any CPU
		{CF733C8D-3967-46C4-8AD9-4F822C7A99A7}.Release|x86.ActiveCfg = Release|Any CPU
		{CF733C8D-3967-46C4-8AD9-4F822C7A99A7}.Release|x86.Build.0 = Release|Any CPU
		{CD08BBE0-8090-4339-A4B8-49109B548C0D}.Debug|Any CPU.ActiveCfg = Debug|Any CPU
		{CD08BBE0-8090-4339-A4B8-49109B548C0D}.Debug|Any CPU.Build.0 = Debug|Any CPU
		{CD08BBE0-8090-4339-A4B8-49109B548C0D}.Debug|x64.ActiveCfg = Debug|Any CPU
		{CD08BBE0-8090-4339-A4B8-49109B548C0D}.Debug|x64.Build.0 = Debug|Any CPU
		{CD08BBE0-8090-4339-A4B8-49109B548C0D}.Debug|x86.ActiveCfg = Debug|Any CPU
		{CD08BBE0-8090-4339-A4B8-49109B548C0D}.Debug|x86.Build.0 = Debug|Any CPU
		{CD08BBE0-8090-4339-A4B8-49109B548C0D}.Release|Any CPU.ActiveCfg = Release|Any CPU
		{CD08BBE0-8090-4339-A4B8-49109B548C0D}.Release|Any CPU.Build.0 = Release|Any CPU
		{CD08BBE0-8090-4339-A4B8-49109B548C0D}.Release|x64.ActiveCfg = Release|Any CPU
		{CD08BBE0-8090-4339-A4B8-49109B548C0D}.Release|x64.Build.0 = Release|Any CPU
		{CD08BBE0-8090-4339-A4B8-49109B548C0D}.Release|x86.ActiveCfg = Release|Any CPU
		{CD08BBE0-8090-4339-A4B8-49109B548C0D}.Release|x86.Build.0 = Release|Any CPU
		{603C1AE2-FB94-4775-A451-5B4FEFD5209C}.Debug|Any CPU.ActiveCfg = Debug|Any CPU
		{603C1AE2-FB94-4775-A451-5B4FEFD5209C}.Debug|Any CPU.Build.0 = Debug|Any CPU
		{603C1AE2-FB94-4775-A451-5B4FEFD5209C}.Debug|x64.ActiveCfg = Debug|Any CPU
		{603C1AE2-FB94-4775-A451-5B4FEFD5209C}.Debug|x64.Build.0 = Debug|Any CPU
		{603C1AE2-FB94-4775-A451-5B4FEFD5209C}.Debug|x86.ActiveCfg = Debug|Any CPU
		{603C1AE2-FB94-4775-A451-5B4FEFD5209C}.Debug|x86.Build.0 = Debug|Any CPU
		{603C1AE2-FB94-4775-A451-5B4FEFD5209C}.Release|Any CPU.ActiveCfg = Release|Any CPU
		{603C1AE2-FB94-4775-A451-5B4FEFD5209C}.Release|Any CPU.Build.0 = Release|Any CPU
		{603C1AE2-FB94-4775-A451-5B4FEFD5209C}.Release|x64.ActiveCfg = Release|Any CPU
		{603C1AE2-FB94-4775-A451-5B4FEFD5209C}.Release|x64.Build.0 = Release|Any CPU
		{603C1AE2-FB94-4775-A451-5B4FEFD5209C}.Release|x86.ActiveCfg = Release|Any CPU
		{603C1AE2-FB94-4775-A451-5B4FEFD5209C}.Release|x86.Build.0 = Release|Any CPU
		{2F435ACC-F490-49DF-BECF-34E28ACF021D}.Debug|Any CPU.ActiveCfg = Debug|Any CPU
		{2F435ACC-F490-49DF-BECF-34E28ACF021D}.Debug|Any CPU.Build.0 = Debug|Any CPU
		{2F435ACC-F490-49DF-BECF-34E28ACF021D}.Debug|x64.ActiveCfg = Debug|Any CPU
		{2F435ACC-F490-49DF-BECF-34E28ACF021D}.Debug|x64.Build.0 = Debug|Any CPU
		{2F435ACC-F490-49DF-BECF-34E28ACF021D}.Debug|x86.ActiveCfg = Debug|Any CPU
		{2F435ACC-F490-49DF-BECF-34E28ACF021D}.Debug|x86.Build.0 = Debug|Any CPU
		{2F435ACC-F490-49DF-BECF-34E28ACF021D}.Release|Any CPU.ActiveCfg = Release|Any CPU
		{2F435ACC-F490-49DF-BECF-34E28ACF021D}.Release|Any CPU.Build.0 = Release|Any CPU
		{2F435ACC-F490-49DF-BECF-34E28ACF021D}.Release|x64.ActiveCfg = Release|Any CPU
		{2F435ACC-F490-49DF-BECF-34E28ACF021D}.Release|x64.Build.0 = Release|Any CPU
		{2F435ACC-F490-49DF-BECF-34E28ACF021D}.Release|x86.ActiveCfg = Release|Any CPU
		{2F435ACC-F490-49DF-BECF-34E28ACF021D}.Release|x86.Build.0 = Release|Any CPU
		{0C9D884C-8EF2-4DC7-8445-3077FA50C35B}.Debug|Any CPU.ActiveCfg = Debug|Any CPU
		{0C9D884C-8EF2-4DC7-8445-3077FA50C35B}.Debug|Any CPU.Build.0 = Debug|Any CPU
		{0C9D884C-8EF2-4DC7-8445-3077FA50C35B}.Debug|x64.ActiveCfg = Debug|Any CPU
		{0C9D884C-8EF2-4DC7-8445-3077FA50C35B}.Debug|x64.Build.0 = Debug|Any CPU
		{0C9D884C-8EF2-4DC7-8445-3077FA50C35B}.Debug|x86.ActiveCfg = Debug|Any CPU
		{0C9D884C-8EF2-4DC7-8445-3077FA50C35B}.Debug|x86.Build.0 = Debug|Any CPU
		{0C9D884C-8EF2-4DC7-8445-3077FA50C35B}.Release|Any CPU.ActiveCfg = Release|Any CPU
		{0C9D884C-8EF2-4DC7-8445-3077FA50C35B}.Release|Any CPU.Build.0 = Release|Any CPU
		{0C9D884C-8EF2-4DC7-8445-3077FA50C35B}.Release|x64.ActiveCfg = Release|Any CPU
		{0C9D884C-8EF2-4DC7-8445-3077FA50C35B}.Release|x64.Build.0 = Release|Any CPU
		{0C9D884C-8EF2-4DC7-8445-3077FA50C35B}.Release|x86.ActiveCfg = Release|Any CPU
		{0C9D884C-8EF2-4DC7-8445-3077FA50C35B}.Release|x86.Build.0 = Release|Any CPU
		{0A1773CE-1CE5-474F-8FAC-E5146D6556F5}.Debug|Any CPU.ActiveCfg = Debug|Any CPU
		{0A1773CE-1CE5-474F-8FAC-E5146D6556F5}.Debug|Any CPU.Build.0 = Debug|Any CPU
		{0A1773CE-1CE5-474F-8FAC-E5146D6556F5}.Debug|x64.ActiveCfg = Debug|Any CPU
		{0A1773CE-1CE5-474F-8FAC-E5146D6556F5}.Debug|x64.Build.0 = Debug|Any CPU
		{0A1773CE-1CE5-474F-8FAC-E5146D6556F5}.Debug|x86.ActiveCfg = Debug|Any CPU
		{0A1773CE-1CE5-474F-8FAC-E5146D6556F5}.Debug|x86.Build.0 = Debug|Any CPU
		{0A1773CE-1CE5-474F-8FAC-E5146D6556F5}.Release|Any CPU.ActiveCfg = Release|Any CPU
		{0A1773CE-1CE5-474F-8FAC-E5146D6556F5}.Release|Any CPU.Build.0 = Release|Any CPU
		{0A1773CE-1CE5-474F-8FAC-E5146D6556F5}.Release|x64.ActiveCfg = Release|Any CPU
		{0A1773CE-1CE5-474F-8FAC-E5146D6556F5}.Release|x64.Build.0 = Release|Any CPU
		{0A1773CE-1CE5-474F-8FAC-E5146D6556F5}.Release|x86.ActiveCfg = Release|Any CPU
		{0A1773CE-1CE5-474F-8FAC-E5146D6556F5}.Release|x86.Build.0 = Release|Any CPU
		{9C83C207-8290-4A31-9AB8-A41DB064D6B5}.Debug|Any CPU.ActiveCfg = Debug|Any CPU
		{9C83C207-8290-4A31-9AB8-A41DB064D6B5}.Debug|Any CPU.Build.0 = Debug|Any CPU
		{9C83C207-8290-4A31-9AB8-A41DB064D6B5}.Debug|x64.ActiveCfg = Debug|Any CPU
		{9C83C207-8290-4A31-9AB8-A41DB064D6B5}.Debug|x64.Build.0 = Debug|Any CPU
		{9C83C207-8290-4A31-9AB8-A41DB064D6B5}.Debug|x86.ActiveCfg = Debug|Any CPU
		{9C83C207-8290-4A31-9AB8-A41DB064D6B5}.Debug|x86.Build.0 = Debug|Any CPU
		{9C83C207-8290-4A31-9AB8-A41DB064D6B5}.Release|Any CPU.ActiveCfg = Release|Any CPU
		{9C83C207-8290-4A31-9AB8-A41DB064D6B5}.Release|Any CPU.Build.0 = Release|Any CPU
		{9C83C207-8290-4A31-9AB8-A41DB064D6B5}.Release|x64.ActiveCfg = Release|Any CPU
		{9C83C207-8290-4A31-9AB8-A41DB064D6B5}.Release|x64.Build.0 = Release|Any CPU
		{9C83C207-8290-4A31-9AB8-A41DB064D6B5}.Release|x86.ActiveCfg = Release|Any CPU
		{9C83C207-8290-4A31-9AB8-A41DB064D6B5}.Release|x86.Build.0 = Release|Any CPU
		{F7BB7366-57AB-47E7-B3F7-FCBB39F1ED9A}.Debug|Any CPU.ActiveCfg = Debug|Any CPU
		{F7BB7366-57AB-47E7-B3F7-FCBB39F1ED9A}.Debug|Any CPU.Build.0 = Debug|Any CPU
		{F7BB7366-57AB-47E7-B3F7-FCBB39F1ED9A}.Debug|x64.ActiveCfg = Debug|Any CPU
		{F7BB7366-57AB-47E7-B3F7-FCBB39F1ED9A}.Debug|x64.Build.0 = Debug|Any CPU
		{F7BB7366-57AB-47E7-B3F7-FCBB39F1ED9A}.Debug|x86.ActiveCfg = Debug|Any CPU
		{F7BB7366-57AB-47E7-B3F7-FCBB39F1ED9A}.Debug|x86.Build.0 = Debug|Any CPU
		{F7BB7366-57AB-47E7-B3F7-FCBB39F1ED9A}.Release|Any CPU.ActiveCfg = Release|Any CPU
		{F7BB7366-57AB-47E7-B3F7-FCBB39F1ED9A}.Release|Any CPU.Build.0 = Release|Any CPU
		{F7BB7366-57AB-47E7-B3F7-FCBB39F1ED9A}.Release|x64.ActiveCfg = Release|Any CPU
		{F7BB7366-57AB-47E7-B3F7-FCBB39F1ED9A}.Release|x64.Build.0 = Release|Any CPU
		{F7BB7366-57AB-47E7-B3F7-FCBB39F1ED9A}.Release|x86.ActiveCfg = Release|Any CPU
		{F7BB7366-57AB-47E7-B3F7-FCBB39F1ED9A}.Release|x86.Build.0 = Release|Any CPU
		{F6DE97DA-606F-48E0-9A83-139FEEE9E72A}.Debug|Any CPU.ActiveCfg = Debug|Any CPU
		{F6DE97DA-606F-48E0-9A83-139FEEE9E72A}.Debug|Any CPU.Build.0 = Debug|Any CPU
		{F6DE97DA-606F-48E0-9A83-139FEEE9E72A}.Debug|x64.ActiveCfg = Debug|Any CPU
		{F6DE97DA-606F-48E0-9A83-139FEEE9E72A}.Debug|x64.Build.0 = Debug|Any CPU
		{F6DE97DA-606F-48E0-9A83-139FEEE9E72A}.Debug|x86.ActiveCfg = Debug|Any CPU
		{F6DE97DA-606F-48E0-9A83-139FEEE9E72A}.Debug|x86.Build.0 = Debug|Any CPU
		{F6DE97DA-606F-48E0-9A83-139FEEE9E72A}.Release|Any CPU.ActiveCfg = Release|Any CPU
		{F6DE97DA-606F-48E0-9A83-139FEEE9E72A}.Release|Any CPU.Build.0 = Release|Any CPU
		{F6DE97DA-606F-48E0-9A83-139FEEE9E72A}.Release|x64.ActiveCfg = Release|Any CPU
		{F6DE97DA-606F-48E0-9A83-139FEEE9E72A}.Release|x64.Build.0 = Release|Any CPU
		{F6DE97DA-606F-48E0-9A83-139FEEE9E72A}.Release|x86.ActiveCfg = Release|Any CPU
		{F6DE97DA-606F-48E0-9A83-139FEEE9E72A}.Release|x86.Build.0 = Release|Any CPU
		{2751DEB7-4DC3-4EE3-AED7-F06BF7B247BE}.Debug|Any CPU.ActiveCfg = Debug|Any CPU
		{2751DEB7-4DC3-4EE3-AED7-F06BF7B247BE}.Debug|Any CPU.Build.0 = Debug|Any CPU
		{2751DEB7-4DC3-4EE3-AED7-F06BF7B247BE}.Debug|x64.ActiveCfg = Debug|Any CPU
		{2751DEB7-4DC3-4EE3-AED7-F06BF7B247BE}.Debug|x64.Build.0 = Debug|Any CPU
		{2751DEB7-4DC3-4EE3-AED7-F06BF7B247BE}.Debug|x86.ActiveCfg = Debug|Any CPU
		{2751DEB7-4DC3-4EE3-AED7-F06BF7B247BE}.Debug|x86.Build.0 = Debug|Any CPU
		{2751DEB7-4DC3-4EE3-AED7-F06BF7B247BE}.Release|Any CPU.ActiveCfg = Release|Any CPU
		{2751DEB7-4DC3-4EE3-AED7-F06BF7B247BE}.Release|Any CPU.Build.0 = Release|Any CPU
		{2751DEB7-4DC3-4EE3-AED7-F06BF7B247BE}.Release|x64.ActiveCfg = Release|Any CPU
		{2751DEB7-4DC3-4EE3-AED7-F06BF7B247BE}.Release|x64.Build.0 = Release|Any CPU
		{2751DEB7-4DC3-4EE3-AED7-F06BF7B247BE}.Release|x86.ActiveCfg = Release|Any CPU
		{2751DEB7-4DC3-4EE3-AED7-F06BF7B247BE}.Release|x86.Build.0 = Release|Any CPU
		{C0390DF2-198C-431F-9DB3-B97416C890C3}.Debug|Any CPU.ActiveCfg = Debug|Any CPU
		{C0390DF2-198C-431F-9DB3-B97416C890C3}.Debug|Any CPU.Build.0 = Debug|Any CPU
		{C0390DF2-198C-431F-9DB3-B97416C890C3}.Debug|x64.ActiveCfg = Debug|Any CPU
		{C0390DF2-198C-431F-9DB3-B97416C890C3}.Debug|x64.Build.0 = Debug|Any CPU
		{C0390DF2-198C-431F-9DB3-B97416C890C3}.Debug|x86.ActiveCfg = Debug|Any CPU
		{C0390DF2-198C-431F-9DB3-B97416C890C3}.Debug|x86.Build.0 = Debug|Any CPU
		{C0390DF2-198C-431F-9DB3-B97416C890C3}.Release|Any CPU.ActiveCfg = Release|Any CPU
		{C0390DF2-198C-431F-9DB3-B97416C890C3}.Release|Any CPU.Build.0 = Release|Any CPU
		{C0390DF2-198C-431F-9DB3-B97416C890C3}.Release|x64.ActiveCfg = Release|Any CPU
		{C0390DF2-198C-431F-9DB3-B97416C890C3}.Release|x64.Build.0 = Release|Any CPU
		{C0390DF2-198C-431F-9DB3-B97416C890C3}.Release|x86.ActiveCfg = Release|Any CPU
		{C0390DF2-198C-431F-9DB3-B97416C890C3}.Release|x86.Build.0 = Release|Any CPU
		{65FE121F-D0CF-43F1-9D8A-34330B2B3A3B}.Debug|Any CPU.ActiveCfg = Debug|Any CPU
		{65FE121F-D0CF-43F1-9D8A-34330B2B3A3B}.Debug|Any CPU.Build.0 = Debug|Any CPU
		{65FE121F-D0CF-43F1-9D8A-34330B2B3A3B}.Debug|x64.ActiveCfg = Debug|Any CPU
		{65FE121F-D0CF-43F1-9D8A-34330B2B3A3B}.Debug|x64.Build.0 = Debug|Any CPU
		{65FE121F-D0CF-43F1-9D8A-34330B2B3A3B}.Debug|x86.ActiveCfg = Debug|Any CPU
		{65FE121F-D0CF-43F1-9D8A-34330B2B3A3B}.Debug|x86.Build.0 = Debug|Any CPU
		{65FE121F-D0CF-43F1-9D8A-34330B2B3A3B}.Release|Any CPU.ActiveCfg = Release|Any CPU
		{65FE121F-D0CF-43F1-9D8A-34330B2B3A3B}.Release|Any CPU.Build.0 = Release|Any CPU
		{65FE121F-D0CF-43F1-9D8A-34330B2B3A3B}.Release|x64.ActiveCfg = Release|Any CPU
		{65FE121F-D0CF-43F1-9D8A-34330B2B3A3B}.Release|x64.Build.0 = Release|Any CPU
		{65FE121F-D0CF-43F1-9D8A-34330B2B3A3B}.Release|x86.ActiveCfg = Release|Any CPU
		{65FE121F-D0CF-43F1-9D8A-34330B2B3A3B}.Release|x86.Build.0 = Release|Any CPU
		{BAF6B656-2218-4BE7-A3E1-A204CC59CF59}.Debug|Any CPU.ActiveCfg = Debug|Any CPU
		{BAF6B656-2218-4BE7-A3E1-A204CC59CF59}.Debug|Any CPU.Build.0 = Debug|Any CPU
		{BAF6B656-2218-4BE7-A3E1-A204CC59CF59}.Debug|x64.ActiveCfg = Debug|Any CPU
		{BAF6B656-2218-4BE7-A3E1-A204CC59CF59}.Debug|x64.Build.0 = Debug|Any CPU
		{BAF6B656-2218-4BE7-A3E1-A204CC59CF59}.Debug|x86.ActiveCfg = Debug|Any CPU
		{BAF6B656-2218-4BE7-A3E1-A204CC59CF59}.Debug|x86.Build.0 = Debug|Any CPU
		{BAF6B656-2218-4BE7-A3E1-A204CC59CF59}.Release|Any CPU.ActiveCfg = Release|Any CPU
		{BAF6B656-2218-4BE7-A3E1-A204CC59CF59}.Release|Any CPU.Build.0 = Release|Any CPU
		{BAF6B656-2218-4BE7-A3E1-A204CC59CF59}.Release|x64.ActiveCfg = Release|Any CPU
		{BAF6B656-2218-4BE7-A3E1-A204CC59CF59}.Release|x64.Build.0 = Release|Any CPU
		{BAF6B656-2218-4BE7-A3E1-A204CC59CF59}.Release|x86.ActiveCfg = Release|Any CPU
		{BAF6B656-2218-4BE7-A3E1-A204CC59CF59}.Release|x86.Build.0 = Release|Any CPU
		{B06F2DA4-13C0-4D04-B391-D04F5F5C599B}.Debug|Any CPU.ActiveCfg = Debug|Any CPU
		{B06F2DA4-13C0-4D04-B391-D04F5F5C599B}.Debug|Any CPU.Build.0 = Debug|Any CPU
		{B06F2DA4-13C0-4D04-B391-D04F5F5C599B}.Debug|x64.ActiveCfg = Debug|Any CPU
		{B06F2DA4-13C0-4D04-B391-D04F5F5C599B}.Debug|x64.Build.0 = Debug|Any CPU
		{B06F2DA4-13C0-4D04-B391-D04F5F5C599B}.Debug|x86.ActiveCfg = Debug|Any CPU
		{B06F2DA4-13C0-4D04-B391-D04F5F5C599B}.Debug|x86.Build.0 = Debug|Any CPU
		{B06F2DA4-13C0-4D04-B391-D04F5F5C599B}.Release|Any CPU.ActiveCfg = Release|Any CPU
		{B06F2DA4-13C0-4D04-B391-D04F5F5C599B}.Release|Any CPU.Build.0 = Release|Any CPU
		{B06F2DA4-13C0-4D04-B391-D04F5F5C599B}.Release|x64.ActiveCfg = Release|Any CPU
		{B06F2DA4-13C0-4D04-B391-D04F5F5C599B}.Release|x64.Build.0 = Release|Any CPU
		{B06F2DA4-13C0-4D04-B391-D04F5F5C599B}.Release|x86.ActiveCfg = Release|Any CPU
		{B06F2DA4-13C0-4D04-B391-D04F5F5C599B}.Release|x86.Build.0 = Release|Any CPU
	EndGlobalSection
	GlobalSection(SolutionProperties) = preSolution
		HideSolutionNode = FALSE
	EndGlobalSection
	GlobalSection(NestedProjects) = preSolution
		{90298CBA-BD6F-3A0A-69D5-97CAD7B05E7E} = {827E0CD3-B72D-47B6-A68D-7590B98EB39B}
		{C4A99CC0-1928-4E1F-AA12-DDF65BBB7AE5} = {90298CBA-BD6F-3A0A-69D5-97CAD7B05E7E}
		{48C48102-6FBE-47A0-82A1-10BB60F0CC66} = {90298CBA-BD6F-3A0A-69D5-97CAD7B05E7E}
		{ADBD32FC-1700-41DA-BB6E-717BEBA70BFD} = {90298CBA-BD6F-3A0A-69D5-97CAD7B05E7E}
		{CC673CEE-B62D-47FA-BD85-0CBC2D91CFC7} = {90298CBA-BD6F-3A0A-69D5-97CAD7B05E7E}
		{B15F172A-74C1-4E94-A0F4-475D37B63820} = {90298CBA-BD6F-3A0A-69D5-97CAD7B05E7E}
		{C8C058BE-9330-493E-8359-3110EC7856D8} = {90298CBA-BD6F-3A0A-69D5-97CAD7B05E7E}
		{CF733C8D-3967-46C4-8AD9-4F822C7A99A7} = {90298CBA-BD6F-3A0A-69D5-97CAD7B05E7E}
		{CD08BBE0-8090-4339-A4B8-49109B548C0D} = {90298CBA-BD6F-3A0A-69D5-97CAD7B05E7E}
		{603C1AE2-FB94-4775-A451-5B4FEFD5209C} = {90298CBA-BD6F-3A0A-69D5-97CAD7B05E7E}
		{2F435ACC-F490-49DF-BECF-34E28ACF021D} = {90298CBA-BD6F-3A0A-69D5-97CAD7B05E7E}
		{0C9D884C-8EF2-4DC7-8445-3077FA50C35B} = {90298CBA-BD6F-3A0A-69D5-97CAD7B05E7E}
		{0A1773CE-1CE5-474F-8FAC-E5146D6556F5} = {90298CBA-BD6F-3A0A-69D5-97CAD7B05E7E}
		{9C83C207-8290-4A31-9AB8-A41DB064D6B5} = {90298CBA-BD6F-3A0A-69D5-97CAD7B05E7E}
		{F7BB7366-57AB-47E7-B3F7-FCBB39F1ED9A} = {90298CBA-BD6F-3A0A-69D5-97CAD7B05E7E}
		{F6DE97DA-606F-48E0-9A83-139FEEE9E72A} = {90298CBA-BD6F-3A0A-69D5-97CAD7B05E7E}
		{2751DEB7-4DC3-4EE3-AED7-F06BF7B247BE} = {90298CBA-BD6F-3A0A-69D5-97CAD7B05E7E}
		{C0390DF2-198C-431F-9DB3-B97416C890C3} = {90298CBA-BD6F-3A0A-69D5-97CAD7B05E7E}
		{65FE121F-D0CF-43F1-9D8A-34330B2B3A3B} = {90298CBA-BD6F-3A0A-69D5-97CAD7B05E7E}
		{BAF6B656-2218-4BE7-A3E1-A204CC59CF59} = {90298CBA-BD6F-3A0A-69D5-97CAD7B05E7E}
		{B06F2DA4-13C0-4D04-B391-D04F5F5C599B} = {90298CBA-BD6F-3A0A-69D5-97CAD7B05E7E}
	EndGlobalSection
EndGlobal
